<Solution>
  <Folder Name="/A - Creational/" />
  <Folder Name="/A - Creational/01 - Singleton/">
    <Project Path="Singleton/Singleton.csproj" Id="f8f1d530-23d4-4890-a3fd-e980b338026e" />
  </Folder>
  <Folder Name="/B - Structral/" />
  <Folder Name="/C - Behavioral/" />
  <Folder Name="/C - Behavioral/01 - Strategy/">
    <Project Path="Strategy/Strategy.csproj" Id="261b98d5-267f-486d-b14b-cc4e8db65eb1" />
  </Folder>
</Solution>
